
Microsoft Visual Studio Solution File, Format Version 12.00
# Visual Studio Version 17
VisualStudioVersion = 17.0.31903.59
MinimumVisualStudioVersion = 10.0.40219.1
Project("{FAE04EC0-301F-11D3-BF4B-00C04F79EFBC}") = "CsharpBlockchainNode", "CsharpBlockchainNode.csproj", "{05BC95F6-BC90-428D-90F5-112D1D57FC31}"
EndProject
Project("{FAE04EC0-301F-11D3-BF4B-00C04F79EFBC}") = "CsharpBlockchainNode.Tests", "CsharpBlockchainNode.Tests\CsharpBlockchainNode.Tests.csproj", "{8E294D89-B089-481F-9A8F-2739B756A570}"
EndProject
Global
	GlobalSection(SolutionConfigurationPlatforms) = preSolution
		Debug|Any CPU = Debug|Any CPU
		Release|Any CPU = Release|Any CPU
	EndGlobalSection
	GlobalSection(SolutionProperties) = preSolution
		HideSolutionNode = FALSE
	EndGlobalSection
	GlobalSection(ProjectConfigurationPlatforms) = postSolution
		{05BC95F6-BC90-428D-90F5-112D1D57FC31}.Debug|Any CPU.ActiveCfg = Debug|Any CPU
		{05BC95F6-BC90-428D-90F5-112D1D57FC31}.Debug|Any CPU.Build.0 = Debug|Any CPU
		{05BC95F6-BC90-428D-90F5-112D1D57FC31}.Release|Any CPU.ActiveCfg = Release|Any CPU
		{05BC95F6-BC90-428D-90F5-112D1D57FC31}.Release|Any CPU.Build.0 = Release|Any CPU
		{8E294D89-B089-481F-9A8F-2739B756A570}.Debug|Any CPU.ActiveCfg = Debug|Any CPU
		{8E294D89-B089-481F-9A8F-2739B756A570}.Debug|Any CPU.Build.0 = Debug|Any CPU
		{8E294D89-B089-481F-9A8F-2739B756A570}.Release|Any CPU.ActiveCfg = Release|Any CPU
		{8E294D89-B089-481F-9A8F-2739B756A570}.Release|Any CPU.Build.0 = Release|Any CPU
	EndGlobalSection
EndGlobal
